
Microsoft Visual Studio Solution File, Format Version 12.00
# Visual Studio Version 17
VisualStudioVersion = 17.0.31903.59
MinimumVisualStudioVersion = 10.0.40219.1
Project("{2150E333-8FDC-42A3-9474-1A3956D46DE8}") = "samples", "samples", "{18933A94-EF5B-46D0-92D9-74FF9D3194D7}"
EndProject
Project("{2150E333-8FDC-42A3-9474-1A3956D46DE8}") = "retry-policy", "retry-policy", "{C805FF01-19FE-4073-A174-9DAF88838FED}"
EndProject
Project("{FAE04EC0-301F-11D3-BF4B-00C04F79EFBC}") = "Workflow", "samples\retry-policy\Workflow\Workflow.csproj", "{78B8C87D-C175-4470-9E5D-0759DF3F9A09}"
EndProject
Project("{FAE04EC0-301F-11D3-BF4B-00C04F79EFBC}") = "Worker", "samples\retry-policy\Worker\Worker.csproj", "{9747C48B-1EF7-441C-9AD7-762BD52DAF1B}"
EndProject
Project("{FAE04EC0-301F-11D3-BF4B-00C04F79EFBC}") = "Client", "samples\retry-policy\Client\Client.csproj", "{FD3B8C88-352A-4C1E-AECD-3B364CF6130F}"
EndProject
Project("{2150E333-8FDC-42A3-9474-1A3956D46DE8}") = "exercises", "exercises", "{6D82221A-44EA-4FCA-9FD4-0D7EC026CDD7}"
EndProject
Project("{2150E333-8FDC-42A3-9474-1A3956D46DE8}") = "hello-workflow", "hello-workflow", "{A3F8EABE-BF35-4FE5-AB1D-75428F620C10}"
EndProject
Project("{2150E333-8FDC-42A3-9474-1A3956D46DE8}") = "solution", "solution", "{005C9547-A488-4D7B-8F3A-A0C1662B672F}"
EndProject
Project("{FAE04EC0-301F-11D3-BF4B-00C04F79EFBC}") = "TemporalioHelloWorld.Workflow", "exercises\hello-workflow\solution\Workflow\TemporalioHelloWorld.Workflow.csproj", "{0E94A3CA-9C9E-457C-8275-867858BAF2E4}"
EndProject
Project("{FAE04EC0-301F-11D3-BF4B-00C04F79EFBC}") = "TemporalioHelloWorld.Worker", "exercises\hello-workflow\solution\Worker\TemporalioHelloWorld.Worker.csproj", "{C023240D-304F-4338-8DC4-C66A8CFEDBC6}"
EndProject
Project("{FAE04EC0-301F-11D3-BF4B-00C04F79EFBC}") = "TemporalioHelloWorld.Client", "exercises\hello-workflow\solution\Client\TemporalioHelloWorld.Client.csproj", "{8FDDF21D-603A-4CC1-9401-AC05CE8F7095}"
EndProject
Project("{2150E333-8FDC-42A3-9474-1A3956D46DE8}") = "farewell-workflow", "farewell-workflow", "{EB63B7B7-5728-4329-8342-364F55488234}"
EndProject
Project("{2150E333-8FDC-42A3-9474-1A3956D46DE8}") = "solution", "solution", "{152D4127-26F3-48F4-BF59-87D28109E689}"
EndProject
Project("{FAE04EC0-301F-11D3-BF4B-00C04F79EFBC}") = "TemporalioFarewell.Web", "exercises\farewell-workflow\solution\Web\TemporalioFarewell.Web.csproj", "{37BDE43C-5C3D-41FB-8AF2-613213F58D77}"
EndProject
Project("{FAE04EC0-301F-11D3-BF4B-00C04F79EFBC}") = "TemporalioFarewell.Workflow", "exercises\farewell-workflow\solution\Workflow\TemporalioFarewell.Workflow.csproj", "{B37CDBC9-77FC-468A-88A2-3D4E3FA3FD44}"
EndProject
Project("{FAE04EC0-301F-11D3-BF4B-00C04F79EFBC}") = "TemporalioFarewell.Worker", "exercises\farewell-workflow\solution\Worker\TemporalioFarewell.Worker.csproj", "{8EBC65EE-0AC3-4C95-979F-356FFABE6D56}"
EndProject
Project("{FAE04EC0-301F-11D3-BF4B-00C04F79EFBC}") = "TemporalioFarewell.Client", "exercises\farewell-workflow\solution\Client\TemporalioFarewell.Client.csproj", "{E51ED7B4-6FBF-4360-8277-AD6B8A8AAF67}"
EndProject
Project("{2150E333-8FDC-42A3-9474-1A3956D46DE8}") = "practice", "practice", "{2C0070C6-57C7-4C0D-8DD3-DA78E356E02C}"
EndProject
Project("{FAE04EC0-301F-11D3-BF4B-00C04F79EFBC}") = "TemporalFarewell.Worker", "exercises\farewell-workflow\practice\Worker\TemporalFarewell.Worker.csproj", "{F502634A-1105-4D55-A6C1-B93D378D9410}"
EndProject
Global
	GlobalSection(SolutionConfigurationPlatforms) = preSolution
		Debug|Any CPU = Debug|Any CPU
		Release|Any CPU = Release|Any CPU
	EndGlobalSection
	GlobalSection(SolutionProperties) = preSolution
		HideSolutionNode = FALSE
	EndGlobalSection
	GlobalSection(ProjectConfigurationPlatforms) = postSolution
		{78B8C87D-C175-4470-9E5D-0759DF3F9A09}.Debug|Any CPU.ActiveCfg = Debug|Any CPU
		{78B8C87D-C175-4470-9E5D-0759DF3F9A09}.Debug|Any CPU.Build.0 = Debug|Any CPU
		{78B8C87D-C175-4470-9E5D-0759DF3F9A09}.Release|Any CPU.ActiveCfg = Release|Any CPU
		{78B8C87D-C175-4470-9E5D-0759DF3F9A09}.Release|Any CPU.Build.0 = Release|Any CPU
		{9747C48B-1EF7-441C-9AD7-762BD52DAF1B}.Debug|Any CPU.ActiveCfg = Debug|Any CPU
		{9747C48B-1EF7-441C-9AD7-762BD52DAF1B}.Debug|Any CPU.Build.0 = Debug|Any CPU
		{9747C48B-1EF7-441C-9AD7-762BD52DAF1B}.Release|Any CPU.ActiveCfg = Release|Any CPU
		{9747C48B-1EF7-441C-9AD7-762BD52DAF1B}.Release|Any CPU.Build.0 = Release|Any CPU
		{FD3B8C88-352A-4C1E-AECD-3B364CF6130F}.Debug|Any CPU.ActiveCfg = Debug|Any CPU
		{FD3B8C88-352A-4C1E-AECD-3B364CF6130F}.Debug|Any CPU.Build.0 = Debug|Any CPU
		{FD3B8C88-352A-4C1E-AECD-3B364CF6130F}.Release|Any CPU.ActiveCfg = Release|Any CPU
		{FD3B8C88-352A-4C1E-AECD-3B364CF6130F}.Release|Any CPU.Build.0 = Release|Any CPU
		{0E94A3CA-9C9E-457C-8275-867858BAF2E4}.Debug|Any CPU.ActiveCfg = Debug|Any CPU
		{0E94A3CA-9C9E-457C-8275-867858BAF2E4}.Debug|Any CPU.Build.0 = Debug|Any CPU
		{0E94A3CA-9C9E-457C-8275-867858BAF2E4}.Release|Any CPU.ActiveCfg = Release|Any CPU
		{0E94A3CA-9C9E-457C-8275-867858BAF2E4}.Release|Any CPU.Build.0 = Release|Any CPU
		{C023240D-304F-4338-8DC4-C66A8CFEDBC6}.Debug|Any CPU.ActiveCfg = Debug|Any CPU
		{C023240D-304F-4338-8DC4-C66A8CFEDBC6}.Debug|Any CPU.Build.0 = Debug|Any CPU
		{C023240D-304F-4338-8DC4-C66A8CFEDBC6}.Release|Any CPU.ActiveCfg = Release|Any CPU
		{C023240D-304F-4338-8DC4-C66A8CFEDBC6}.Release|Any CPU.Build.0 = Release|Any CPU
		{8FDDF21D-603A-4CC1-9401-AC05CE8F7095}.Debug|Any CPU.ActiveCfg = Debug|Any CPU
		{8FDDF21D-603A-4CC1-9401-AC05CE8F7095}.Debug|Any CPU.Build.0 = Debug|Any CPU
		{8FDDF21D-603A-4CC1-9401-AC05CE8F7095}.Release|Any CPU.ActiveCfg = Release|Any CPU
		{8FDDF21D-603A-4CC1-9401-AC05CE8F7095}.Release|Any CPU.Build.0 = Release|Any CPU
		{37BDE43C-5C3D-41FB-8AF2-613213F58D77}.Debug|Any CPU.ActiveCfg = Debug|Any CPU
		{37BDE43C-5C3D-41FB-8AF2-613213F58D77}.Debug|Any CPU.Build.0 = Debug|Any CPU
		{37BDE43C-5C3D-41FB-8AF2-613213F58D77}.Release|Any CPU.ActiveCfg = Release|Any CPU
		{37BDE43C-5C3D-41FB-8AF2-613213F58D77}.Release|Any CPU.Build.0 = Release|Any CPU
		{B37CDBC9-77FC-468A-88A2-3D4E3FA3FD44}.Debug|Any CPU.ActiveCfg = Debug|Any CPU
		{B37CDBC9-77FC-468A-88A2-3D4E3FA3FD44}.Debug|Any CPU.Build.0 = Debug|Any CPU
		{B37CDBC9-77FC-468A-88A2-3D4E3FA3FD44}.Release|Any CPU.ActiveCfg = Release|Any CPU
		{B37CDBC9-77FC-468A-88A2-3D4E3FA3FD44}.Release|Any CPU.Build.0 = Release|Any CPU
		{8EBC65EE-0AC3-4C95-979F-356FFABE6D56}.Debug|Any CPU.ActiveCfg = Debug|Any CPU
		{8EBC65EE-0AC3-4C95-979F-356FFABE6D56}.Debug|Any CPU.Build.0 = Debug|Any CPU
		{8EBC65EE-0AC3-4C95-979F-356FFABE6D56}.Release|Any CPU.ActiveCfg = Release|Any CPU
		{8EBC65EE-0AC3-4C95-979F-356FFABE6D56}.Release|Any CPU.Build.0 = Release|Any CPU
		{E51ED7B4-6FBF-4360-8277-AD6B8A8AAF67}.Debug|Any CPU.ActiveCfg = Debug|Any CPU
		{E51ED7B4-6FBF-4360-8277-AD6B8A8AAF67}.Debug|Any CPU.Build.0 = Debug|Any CPU
		{E51ED7B4-6FBF-4360-8277-AD6B8A8AAF67}.Release|Any CPU.ActiveCfg = Release|Any CPU
		{E51ED7B4-6FBF-4360-8277-AD6B8A8AAF67}.Release|Any CPU.Build.0 = Release|Any CPU
		{F502634A-1105-4D55-A6C1-B93D378D9410}.Debug|Any CPU.ActiveCfg = Debug|Any CPU
		{F502634A-1105-4D55-A6C1-B93D378D9410}.Debug|Any CPU.Build.0 = Debug|Any CPU
		{F502634A-1105-4D55-A6C1-B93D378D9410}.Release|Any CPU.ActiveCfg = Release|Any CPU
		{F502634A-1105-4D55-A6C1-B93D378D9410}.Release|Any CPU.Build.0 = Release|Any CPU
	EndGlobalSection
	GlobalSection(NestedProjects) = preSolution
		{C805FF01-19FE-4073-A174-9DAF88838FED} = {18933A94-EF5B-46D0-92D9-74FF9D3194D7}
		{78B8C87D-C175-4470-9E5D-0759DF3F9A09} = {C805FF01-19FE-4073-A174-9DAF88838FED}
		{9747C48B-1EF7-441C-9AD7-762BD52DAF1B} = {C805FF01-19FE-4073-A174-9DAF88838FED}
		{FD3B8C88-352A-4C1E-AECD-3B364CF6130F} = {C805FF01-19FE-4073-A174-9DAF88838FED}
		{A3F8EABE-BF35-4FE5-AB1D-75428F620C10} = {6D82221A-44EA-4FCA-9FD4-0D7EC026CDD7}
		{005C9547-A488-4D7B-8F3A-A0C1662B672F} = {A3F8EABE-BF35-4FE5-AB1D-75428F620C10}
		{0E94A3CA-9C9E-457C-8275-867858BAF2E4} = {005C9547-A488-4D7B-8F3A-A0C1662B672F}
		{C023240D-304F-4338-8DC4-C66A8CFEDBC6} = {005C9547-A488-4D7B-8F3A-A0C1662B672F}
		{8FDDF21D-603A-4CC1-9401-AC05CE8F7095} = {005C9547-A488-4D7B-8F3A-A0C1662B672F}
		{EB63B7B7-5728-4329-8342-364F55488234} = {6D82221A-44EA-4FCA-9FD4-0D7EC026CDD7}
		{152D4127-26F3-48F4-BF59-87D28109E689} = {EB63B7B7-5728-4329-8342-364F55488234}
		{37BDE43C-5C3D-41FB-8AF2-613213F58D77} = {152D4127-26F3-48F4-BF59-87D28109E689}
		{B37CDBC9-77FC-468A-88A2-3D4E3FA3FD44} = {152D4127-26F3-48F4-BF59-87D28109E689}
		{8EBC65EE-0AC3-4C95-979F-356FFABE6D56} = {152D4127-26F3-48F4-BF59-87D28109E689}
		{E51ED7B4-6FBF-4360-8277-AD6B8A8AAF67} = {152D4127-26F3-48F4-BF59-87D28109E689}
		{2C0070C6-57C7-4C0D-8DD3-DA78E356E02C} = {EB63B7B7-5728-4329-8342-364F55488234}
		{F502634A-1105-4D55-A6C1-B93D378D9410} = {2C0070C6-57C7-4C0D-8DD3-DA78E356E02C}
	EndGlobalSection
EndGlobal
