
Microsoft Visual Studio Solution File, Format Version 12.00
# Visual Studio Version 17
VisualStudioVersion = 17.0.31903.59
MinimumVisualStudioVersion = 10.0.40219.1
Project("{2150E333-8FDC-42A3-9474-1A3956D46DE8}") = "samples", "samples", "{7C20ED8A-17AB-4B63-9A73-F6BAB76636FF}"
EndProject
Project("{2150E333-8FDC-42A3-9474-1A3956D46DE8}") = "retry-policy", "retry-policy", "{693F3982-C6B2-4D61-B52B-6C374C2C48F7}"
EndProject
Project("{FAE04EC0-301F-11D3-BF4B-00C04F79EFBC}") = "Workflow", "samples\retry-policy\Workflow\Workflow.csproj", "{F0998AD0-E83E-4691-8717-984CE1FDAB8C}"
EndProject
Project("{FAE04EC0-301F-11D3-BF4B-00C04F79EFBC}") = "Worker", "samples\retry-policy\Worker\Worker.csproj", "{BEE65462-0E8A-4FB7-A3DB-D7D1EA13F232}"
EndProject
Project("{FAE04EC0-301F-11D3-BF4B-00C04F79EFBC}") = "Client", "samples\retry-policy\Client\Client.csproj", "{B3A85A1E-B082-4FD0-AB3F-45B3C3B3E874}"
EndProject
Project("{2150E333-8FDC-42A3-9474-1A3956D46DE8}") = "exercises", "exercises", "{F785899D-183A-4DA3-9587-6589B8D6D23C}"
EndProject
Project("{2150E333-8FDC-42A3-9474-1A3956D46DE8}") = "hello-workflow", "hello-workflow", "{7CEA5DFE-7F46-485F-BFAD-AEDB748252DA}"
EndProject
Project("{2150E333-8FDC-42A3-9474-1A3956D46DE8}") = "solution", "solution", "{3B0F30A4-EEBA-46DB-867E-A629062FBF0D}"
EndProject
Project("{FAE04EC0-301F-11D3-BF4B-00C04F79EFBC}") = "TemporalioHelloWorld.Solution.Workflow", "exercises\hello-workflow\solution\Workflow\TemporalioHelloWorld.Solution.Workflow.csproj", "{0E840D5C-3ADA-4BD7-9F79-0CB5D33AA07D}"
EndProject
Project("{FAE04EC0-301F-11D3-BF4B-00C04F79EFBC}") = "TemporalioHelloWorld.Solution.Worker", "exercises\hello-workflow\solution\Worker\TemporalioHelloWorld.Solution.Worker.csproj", "{F9EDE2E0-5078-4379-967D-A028DF85CABC}"
EndProject
Project("{FAE04EC0-301F-11D3-BF4B-00C04F79EFBC}") = "TemporalioHelloWorld.Solution.Client", "exercises\hello-workflow\solution\Client\TemporalioHelloWorld.Solution.Client.csproj", "{748BF219-C3FE-4354-A752-633625C693DA}"
EndProject
Project("{2150E333-8FDC-42A3-9474-1A3956D46DE8}") = "practice", "practice", "{525E9F2F-B067-4342-B589-17ED53AE1812}"
EndProject
Project("{FAE04EC0-301F-11D3-BF4B-00C04F79EFBC}") = "TemporalioHelloWorld.Practice.Workflow", "exercises\hello-workflow\practice\Workflow\TemporalioHelloWorld.Practice.Workflow.csproj", "{732C745E-24B1-4508-9173-B485639FCA0A}"
EndProject
Project("{FAE04EC0-301F-11D3-BF4B-00C04F79EFBC}") = "TemporalioHelloWorld.Practice.Worker", "exercises\hello-workflow\practice\Worker\TemporalioHelloWorld.Practice.Worker.csproj", "{27535A56-77AD-437B-8E2A-03C022A9AD2B}"
EndProject
Project("{FAE04EC0-301F-11D3-BF4B-00C04F79EFBC}") = "TemporalioHelloWorld.Practice.Client", "exercises\hello-workflow\practice\Client\TemporalioHelloWorld.Practice.Client.csproj", "{38D214C5-1AD1-4889-B8B5-807AB4BCFFD6}"
EndProject
Project("{2150E333-8FDC-42A3-9474-1A3956D46DE8}") = "farewell-workflow", "farewell-workflow", "{5E89AF84-99F7-4684-B9D6-BA1EAE797938}"
EndProject
Project("{2150E333-8FDC-42A3-9474-1A3956D46DE8}") = "solution", "solution", "{AB4E5F0D-2EED-4F76-9222-0992B661EFAE}"
EndProject
Project("{FAE04EC0-301F-11D3-BF4B-00C04F79EFBC}") = "TemporalioFarewell.Solution.Web", "exercises\farewell-workflow\solution\Web\TemporalioFarewell.Solution.Web.csproj", "{1FD5E510-FEC5-4622-BA5E-FB9E036069F7}"
EndProject
Project("{FAE04EC0-301F-11D3-BF4B-00C04F79EFBC}") = "TemporalioFarewell.Solution.Workflow", "exercises\farewell-workflow\solution\Workflow\TemporalioFarewell.Solution.Workflow.csproj", "{C2590FAD-B851-4778-BA17-A0412D50521A}"
EndProject
Project("{FAE04EC0-301F-11D3-BF4B-00C04F79EFBC}") = "TemporalioFarewell.Solution.Worker", "exercises\farewell-workflow\solution\Worker\TemporalioFarewell.Solution.Worker.csproj", "{8570A022-874B-405B-9021-DC6A3FF7073F}"
EndProject
Project("{FAE04EC0-301F-11D3-BF4B-00C04F79EFBC}") = "TemporalioFarewell.Solution.Client", "exercises\farewell-workflow\solution\Client\TemporalioFarewell.Solution.Client.csproj", "{B440E8A2-5069-4D8E-94E7-FC56F91E4790}"
EndProject
Project("{2150E333-8FDC-42A3-9474-1A3956D46DE8}") = "practice", "practice", "{26F6FEF2-9ACD-4D00-8308-EDED38CB4B32}"
EndProject
Project("{FAE04EC0-301F-11D3-BF4B-00C04F79EFBC}") = "TemporalioFarewell.Practice.Web", "exercises\farewell-workflow\practice\Web\TemporalioFarewell.Practice.Web.csproj", "{F2484DEB-15FC-439F-96FC-4E3DEA7FAE6F}"
EndProject
Project("{FAE04EC0-301F-11D3-BF4B-00C04F79EFBC}") = "TemporalioFarewell.Practice.Workflow", "exercises\farewell-workflow\practice\Workflow\TemporalioFarewell.Practice.Workflow.csproj", "{F3453089-134A-4076-81A7-8B2EC50E8445}"
EndProject
Project("{FAE04EC0-301F-11D3-BF4B-00C04F79EFBC}") = "TemporalioFarewell.Practice.Worker", "exercises\farewell-workflow\practice\Worker\TemporalioFarewell.Practice.Worker.csproj", "{D7658782-10CC-44DC-82F5-5F21DE12B827}"
EndProject
Project("{FAE04EC0-301F-11D3-BF4B-00C04F79EFBC}") = "TemporalioFarewell.Practice.Client", "exercises\farewell-workflow\practice\Client\TemporalioFarewell.Practice.Client.csproj", "{D4622F8D-7CF4-4DE6-BC6F-D562900F0A4E}"
EndProject
Project("{2150E333-8FDC-42A3-9474-1A3956D46DE8}") = "finale-workflow", "finale-workflow", "{9B27B807-86C3-4CBD-B748-D6EEA5DE0184}"
EndProject
Project("{FAE04EC0-301F-11D3-BF4B-00C04F79EFBC}") = "Workflow", "exercises\finale-workflow\Workflow\Workflow.csproj", "{348415CD-7781-4613-9514-1DE8C9FBA68A}"
EndProject
Project("{FAE04EC0-301F-11D3-BF4B-00C04F79EFBC}") = "Worker", "exercises\finale-workflow\Worker\Worker.csproj", "{67A98434-DAD6-47C6-9D3C-51FA222C4445}"
EndProject
Project("{FAE04EC0-301F-11D3-BF4B-00C04F79EFBC}") = "Client", "exercises\finale-workflow\Client\Client.csproj", "{F2F27757-CEEB-401F-A4DC-85A937B8F33F}"
EndProject
Global
	GlobalSection(SolutionConfigurationPlatforms) = preSolution
		Debug|Any CPU = Debug|Any CPU
		Release|Any CPU = Release|Any CPU
	EndGlobalSection
	GlobalSection(SolutionProperties) = preSolution
		HideSolutionNode = FALSE
	EndGlobalSection
	GlobalSection(ProjectConfigurationPlatforms) = postSolution
		{F0998AD0-E83E-4691-8717-984CE1FDAB8C}.Debug|Any CPU.ActiveCfg = Debug|Any CPU
		{F0998AD0-E83E-4691-8717-984CE1FDAB8C}.Debug|Any CPU.Build.0 = Debug|Any CPU
		{F0998AD0-E83E-4691-8717-984CE1FDAB8C}.Release|Any CPU.ActiveCfg = Release|Any CPU
		{F0998AD0-E83E-4691-8717-984CE1FDAB8C}.Release|Any CPU.Build.0 = Release|Any CPU
		{BEE65462-0E8A-4FB7-A3DB-D7D1EA13F232}.Debug|Any CPU.ActiveCfg = Debug|Any CPU
		{BEE65462-0E8A-4FB7-A3DB-D7D1EA13F232}.Debug|Any CPU.Build.0 = Debug|Any CPU
		{BEE65462-0E8A-4FB7-A3DB-D7D1EA13F232}.Release|Any CPU.ActiveCfg = Release|Any CPU
		{BEE65462-0E8A-4FB7-A3DB-D7D1EA13F232}.Release|Any CPU.Build.0 = Release|Any CPU
		{B3A85A1E-B082-4FD0-AB3F-45B3C3B3E874}.Debug|Any CPU.ActiveCfg = Debug|Any CPU
		{B3A85A1E-B082-4FD0-AB3F-45B3C3B3E874}.Debug|Any CPU.Build.0 = Debug|Any CPU
		{B3A85A1E-B082-4FD0-AB3F-45B3C3B3E874}.Release|Any CPU.ActiveCfg = Release|Any CPU
		{B3A85A1E-B082-4FD0-AB3F-45B3C3B3E874}.Release|Any CPU.Build.0 = Release|Any CPU
		{0E840D5C-3ADA-4BD7-9F79-0CB5D33AA07D}.Debug|Any CPU.ActiveCfg = Debug|Any CPU
		{0E840D5C-3ADA-4BD7-9F79-0CB5D33AA07D}.Debug|Any CPU.Build.0 = Debug|Any CPU
		{0E840D5C-3ADA-4BD7-9F79-0CB5D33AA07D}.Release|Any CPU.ActiveCfg = Release|Any CPU
		{0E840D5C-3ADA-4BD7-9F79-0CB5D33AA07D}.Release|Any CPU.Build.0 = Release|Any CPU
		{F9EDE2E0-5078-4379-967D-A028DF85CABC}.Debug|Any CPU.ActiveCfg = Debug|Any CPU
		{F9EDE2E0-5078-4379-967D-A028DF85CABC}.Debug|Any CPU.Build.0 = Debug|Any CPU
		{F9EDE2E0-5078-4379-967D-A028DF85CABC}.Release|Any CPU.ActiveCfg = Release|Any CPU
		{F9EDE2E0-5078-4379-967D-A028DF85CABC}.Release|Any CPU.Build.0 = Release|Any CPU
		{748BF219-C3FE-4354-A752-633625C693DA}.Debug|Any CPU.ActiveCfg = Debug|Any CPU
		{748BF219-C3FE-4354-A752-633625C693DA}.Debug|Any CPU.Build.0 = Debug|Any CPU
		{748BF219-C3FE-4354-A752-633625C693DA}.Release|Any CPU.ActiveCfg = Release|Any CPU
		{748BF219-C3FE-4354-A752-633625C693DA}.Release|Any CPU.Build.0 = Release|Any CPU
		{732C745E-24B1-4508-9173-B485639FCA0A}.Debug|Any CPU.ActiveCfg = Debug|Any CPU
		{732C745E-24B1-4508-9173-B485639FCA0A}.Debug|Any CPU.Build.0 = Debug|Any CPU
		{732C745E-24B1-4508-9173-B485639FCA0A}.Release|Any CPU.ActiveCfg = Release|Any CPU
		{732C745E-24B1-4508-9173-B485639FCA0A}.Release|Any CPU.Build.0 = Release|Any CPU
		{27535A56-77AD-437B-8E2A-03C022A9AD2B}.Debug|Any CPU.ActiveCfg = Debug|Any CPU
		{27535A56-77AD-437B-8E2A-03C022A9AD2B}.Debug|Any CPU.Build.0 = Debug|Any CPU
		{27535A56-77AD-437B-8E2A-03C022A9AD2B}.Release|Any CPU.ActiveCfg = Release|Any CPU
		{27535A56-77AD-437B-8E2A-03C022A9AD2B}.Release|Any CPU.Build.0 = Release|Any CPU
		{38D214C5-1AD1-4889-B8B5-807AB4BCFFD6}.Debug|Any CPU.ActiveCfg = Debug|Any CPU
		{38D214C5-1AD1-4889-B8B5-807AB4BCFFD6}.Debug|Any CPU.Build.0 = Debug|Any CPU
		{38D214C5-1AD1-4889-B8B5-807AB4BCFFD6}.Release|Any CPU.ActiveCfg = Release|Any CPU
		{38D214C5-1AD1-4889-B8B5-807AB4BCFFD6}.Release|Any CPU.Build.0 = Release|Any CPU
		{1FD5E510-FEC5-4622-BA5E-FB9E036069F7}.Debug|Any CPU.ActiveCfg = Debug|Any CPU
		{1FD5E510-FEC5-4622-BA5E-FB9E036069F7}.Debug|Any CPU.Build.0 = Debug|Any CPU
		{1FD5E510-FEC5-4622-BA5E-FB9E036069F7}.Release|Any CPU.ActiveCfg = Release|Any CPU
		{1FD5E510-FEC5-4622-BA5E-FB9E036069F7}.Release|Any CPU.Build.0 = Release|Any CPU
		{C2590FAD-B851-4778-BA17-A0412D50521A}.Debug|Any CPU.ActiveCfg = Debug|Any CPU
		{C2590FAD-B851-4778-BA17-A0412D50521A}.Debug|Any CPU.Build.0 = Debug|Any CPU
		{C2590FAD-B851-4778-BA17-A0412D50521A}.Release|Any CPU.ActiveCfg = Release|Any CPU
		{C2590FAD-B851-4778-BA17-A0412D50521A}.Release|Any CPU.Build.0 = Release|Any CPU
		{8570A022-874B-405B-9021-DC6A3FF7073F}.Debug|Any CPU.ActiveCfg = Debug|Any CPU
		{8570A022-874B-405B-9021-DC6A3FF7073F}.Debug|Any CPU.Build.0 = Debug|Any CPU
		{8570A022-874B-405B-9021-DC6A3FF7073F}.Release|Any CPU.ActiveCfg = Release|Any CPU
		{8570A022-874B-405B-9021-DC6A3FF7073F}.Release|Any CPU.Build.0 = Release|Any CPU
		{B440E8A2-5069-4D8E-94E7-FC56F91E4790}.Debug|Any CPU.ActiveCfg = Debug|Any CPU
		{B440E8A2-5069-4D8E-94E7-FC56F91E4790}.Debug|Any CPU.Build.0 = Debug|Any CPU
		{B440E8A2-5069-4D8E-94E7-FC56F91E4790}.Release|Any CPU.ActiveCfg = Release|Any CPU
		{B440E8A2-5069-4D8E-94E7-FC56F91E4790}.Release|Any CPU.Build.0 = Release|Any CPU
		{F2484DEB-15FC-439F-96FC-4E3DEA7FAE6F}.Debug|Any CPU.ActiveCfg = Debug|Any CPU
		{F2484DEB-15FC-439F-96FC-4E3DEA7FAE6F}.Debug|Any CPU.Build.0 = Debug|Any CPU
		{F2484DEB-15FC-439F-96FC-4E3DEA7FAE6F}.Release|Any CPU.ActiveCfg = Release|Any CPU
		{F2484DEB-15FC-439F-96FC-4E3DEA7FAE6F}.Release|Any CPU.Build.0 = Release|Any CPU
		{F3453089-134A-4076-81A7-8B2EC50E8445}.Debug|Any CPU.ActiveCfg = Debug|Any CPU
		{F3453089-134A-4076-81A7-8B2EC50E8445}.Debug|Any CPU.Build.0 = Debug|Any CPU
		{F3453089-134A-4076-81A7-8B2EC50E8445}.Release|Any CPU.ActiveCfg = Release|Any CPU
		{F3453089-134A-4076-81A7-8B2EC50E8445}.Release|Any CPU.Build.0 = Release|Any CPU
		{D7658782-10CC-44DC-82F5-5F21DE12B827}.Debug|Any CPU.ActiveCfg = Debug|Any CPU
		{D7658782-10CC-44DC-82F5-5F21DE12B827}.Debug|Any CPU.Build.0 = Debug|Any CPU
		{D7658782-10CC-44DC-82F5-5F21DE12B827}.Release|Any CPU.ActiveCfg = Release|Any CPU
		{D7658782-10CC-44DC-82F5-5F21DE12B827}.Release|Any CPU.Build.0 = Release|Any CPU
		{D4622F8D-7CF4-4DE6-BC6F-D562900F0A4E}.Debug|Any CPU.ActiveCfg = Debug|Any CPU
		{D4622F8D-7CF4-4DE6-BC6F-D562900F0A4E}.Debug|Any CPU.Build.0 = Debug|Any CPU
		{D4622F8D-7CF4-4DE6-BC6F-D562900F0A4E}.Release|Any CPU.ActiveCfg = Release|Any CPU
		{D4622F8D-7CF4-4DE6-BC6F-D562900F0A4E}.Release|Any CPU.Build.0 = Release|Any CPU
		{348415CD-7781-4613-9514-1DE8C9FBA68A}.Debug|Any CPU.ActiveCfg = Debug|Any CPU
		{348415CD-7781-4613-9514-1DE8C9FBA68A}.Debug|Any CPU.Build.0 = Debug|Any CPU
		{348415CD-7781-4613-9514-1DE8C9FBA68A}.Release|Any CPU.ActiveCfg = Release|Any CPU
		{348415CD-7781-4613-9514-1DE8C9FBA68A}.Release|Any CPU.Build.0 = Release|Any CPU
		{67A98434-DAD6-47C6-9D3C-51FA222C4445}.Debug|Any CPU.ActiveCfg = Debug|Any CPU
		{67A98434-DAD6-47C6-9D3C-51FA222C4445}.Debug|Any CPU.Build.0 = Debug|Any CPU
		{67A98434-DAD6-47C6-9D3C-51FA222C4445}.Release|Any CPU.ActiveCfg = Release|Any CPU
		{67A98434-DAD6-47C6-9D3C-51FA222C4445}.Release|Any CPU.Build.0 = Release|Any CPU
		{F2F27757-CEEB-401F-A4DC-85A937B8F33F}.Debug|Any CPU.ActiveCfg = Debug|Any CPU
		{F2F27757-CEEB-401F-A4DC-85A937B8F33F}.Debug|Any CPU.Build.0 = Debug|Any CPU
		{F2F27757-CEEB-401F-A4DC-85A937B8F33F}.Release|Any CPU.ActiveCfg = Release|Any CPU
		{F2F27757-CEEB-401F-A4DC-85A937B8F33F}.Release|Any CPU.Build.0 = Release|Any CPU
	EndGlobalSection
	GlobalSection(NestedProjects) = preSolution
		{693F3982-C6B2-4D61-B52B-6C374C2C48F7} = {7C20ED8A-17AB-4B63-9A73-F6BAB76636FF}
		{F0998AD0-E83E-4691-8717-984CE1FDAB8C} = {693F3982-C6B2-4D61-B52B-6C374C2C48F7}
		{BEE65462-0E8A-4FB7-A3DB-D7D1EA13F232} = {693F3982-C6B2-4D61-B52B-6C374C2C48F7}
		{B3A85A1E-B082-4FD0-AB3F-45B3C3B3E874} = {693F3982-C6B2-4D61-B52B-6C374C2C48F7}
		{7CEA5DFE-7F46-485F-BFAD-AEDB748252DA} = {F785899D-183A-4DA3-9587-6589B8D6D23C}
		{3B0F30A4-EEBA-46DB-867E-A629062FBF0D} = {7CEA5DFE-7F46-485F-BFAD-AEDB748252DA}
		{0E840D5C-3ADA-4BD7-9F79-0CB5D33AA07D} = {3B0F30A4-EEBA-46DB-867E-A629062FBF0D}
		{F9EDE2E0-5078-4379-967D-A028DF85CABC} = {3B0F30A4-EEBA-46DB-867E-A629062FBF0D}
		{748BF219-C3FE-4354-A752-633625C693DA} = {3B0F30A4-EEBA-46DB-867E-A629062FBF0D}
		{525E9F2F-B067-4342-B589-17ED53AE1812} = {7CEA5DFE-7F46-485F-BFAD-AEDB748252DA}
		{732C745E-24B1-4508-9173-B485639FCA0A} = {525E9F2F-B067-4342-B589-17ED53AE1812}
		{27535A56-77AD-437B-8E2A-03C022A9AD2B} = {525E9F2F-B067-4342-B589-17ED53AE1812}
		{38D214C5-1AD1-4889-B8B5-807AB4BCFFD6} = {525E9F2F-B067-4342-B589-17ED53AE1812}
		{5E89AF84-99F7-4684-B9D6-BA1EAE797938} = {F785899D-183A-4DA3-9587-6589B8D6D23C}
		{AB4E5F0D-2EED-4F76-9222-0992B661EFAE} = {5E89AF84-99F7-4684-B9D6-BA1EAE797938}
		{1FD5E510-FEC5-4622-BA5E-FB9E036069F7} = {AB4E5F0D-2EED-4F76-9222-0992B661EFAE}
		{C2590FAD-B851-4778-BA17-A0412D50521A} = {AB4E5F0D-2EED-4F76-9222-0992B661EFAE}
		{8570A022-874B-405B-9021-DC6A3FF7073F} = {AB4E5F0D-2EED-4F76-9222-0992B661EFAE}
		{B440E8A2-5069-4D8E-94E7-FC56F91E4790} = {AB4E5F0D-2EED-4F76-9222-0992B661EFAE}
		{26F6FEF2-9ACD-4D00-8308-EDED38CB4B32} = {5E89AF84-99F7-4684-B9D6-BA1EAE797938}
		{F2484DEB-15FC-439F-96FC-4E3DEA7FAE6F} = {26F6FEF2-9ACD-4D00-8308-EDED38CB4B32}
		{F3453089-134A-4076-81A7-8B2EC50E8445} = {26F6FEF2-9ACD-4D00-8308-EDED38CB4B32}
		{D7658782-10CC-44DC-82F5-5F21DE12B827} = {26F6FEF2-9ACD-4D00-8308-EDED38CB4B32}
		{D4622F8D-7CF4-4DE6-BC6F-D562900F0A4E} = {26F6FEF2-9ACD-4D00-8308-EDED38CB4B32}
		{9B27B807-86C3-4CBD-B748-D6EEA5DE0184} = {F785899D-183A-4DA3-9587-6589B8D6D23C}
		{348415CD-7781-4613-9514-1DE8C9FBA68A} = {9B27B807-86C3-4CBD-B748-D6EEA5DE0184}
		{67A98434-DAD6-47C6-9D3C-51FA222C4445} = {9B27B807-86C3-4CBD-B748-D6EEA5DE0184}
		{F2F27757-CEEB-401F-A4DC-85A937B8F33F} = {9B27B807-86C3-4CBD-B748-D6EEA5DE0184}
	EndGlobalSection
EndGlobal
