
Microsoft Visual Studio Solution File, Format Version 12.00
# Visual Studio Version 17
VisualStudioVersion = 17.0.31903.59
MinimumVisualStudioVersion = 10.0.40219.1
Project("{2150E333-8FDC-42A3-9474-1A3956D46DE8}") = "samples", "samples", "{3AEB0D2D-0109-401D-A1A2-98417C6D57BF}"
EndProject
Project("{2150E333-8FDC-42A3-9474-1A3956D46DE8}") = "retry-policy", "retry-policy", "{9597D080-0156-4D9D-AA43-A93312897B2F}"
EndProject
Project("{FAE04EC0-301F-11D3-BF4B-00C04F79EFBC}") = "Workflow", "samples\retry-policy\Workflow\Workflow.csproj", "{FA650116-F866-4451-8F99-D101D63580CB}"
EndProject
Project("{FAE04EC0-301F-11D3-BF4B-00C04F79EFBC}") = "Worker", "samples\retry-policy\Worker\Worker.csproj", "{CCE6F4A8-0DED-4BB7-8809-43F1516FEA8D}"
EndProject
Project("{FAE04EC0-301F-11D3-BF4B-00C04F79EFBC}") = "Client", "samples\retry-policy\Client\Client.csproj", "{1FD03BAE-125C-4466-9841-1CD6953F53F6}"
EndProject
Project("{2150E333-8FDC-42A3-9474-1A3956D46DE8}") = "exercises", "exercises", "{5A4B241D-8E79-4C15-8BD0-92D2C1849533}"
EndProject
Project("{2150E333-8FDC-42A3-9474-1A3956D46DE8}") = "hello-workflow", "hello-workflow", "{6C063B21-3C23-4ED8-9B65-1D4755D83EFC}"
EndProject
Project("{2150E333-8FDC-42A3-9474-1A3956D46DE8}") = "solution", "solution", "{7A150D23-5696-4B9D-96C5-CD0BDC05BC88}"
EndProject
Project("{FAE04EC0-301F-11D3-BF4B-00C04F79EFBC}") = "TemporalioHelloWorld.Workflow", "exercises\hello-workflow\solution\Workflow\TemporalioHelloWorld.Workflow.csproj", "{CFB06045-ACC8-4A80-B1D4-CBFA5075B621}"
EndProject
Project("{FAE04EC0-301F-11D3-BF4B-00C04F79EFBC}") = "TemporalioHelloWorld.Worker", "exercises\hello-workflow\solution\Worker\TemporalioHelloWorld.Worker.csproj", "{F0B48903-7FEC-4B5A-B7E1-3BDE858563D4}"
EndProject
Project("{FAE04EC0-301F-11D3-BF4B-00C04F79EFBC}") = "TemporalioHelloWorld.Client", "exercises\hello-workflow\solution\Client\TemporalioHelloWorld.Client.csproj", "{614F9F4C-3397-42EA-88AF-CBB9EDEE6418}"
EndProject
Project("{2150E333-8FDC-42A3-9474-1A3956D46DE8}") = "practice", "practice", "{31AF98F5-7960-4E27-8CDB-A84032140BA5}"
EndProject
Project("{FAE04EC0-301F-11D3-BF4B-00C04F79EFBC}") = "TemporalioHelloWorld.PracticeWorkflow", "exercises\hello-workflow\practice\Workflow\TemporalioHelloWorld.PracticeWorkflow.csproj", "{008C11E1-6F85-46D7-BFC8-59562AA29671}"
EndProject
Project("{FAE04EC0-301F-11D3-BF4B-00C04F79EFBC}") = "TemporalioHelloWorld.PracticeWorker", "exercises\hello-workflow\practice\Worker\TemporalioHelloWorld.PracticeWorker.csproj", "{F07D645A-729A-4A89-9747-DB44C16DEC63}"
EndProject
Project("{FAE04EC0-301F-11D3-BF4B-00C04F79EFBC}") = "TemporalioHelloWorld.PracticeClient", "exercises\hello-workflow\practice\Client\TemporalioHelloWorld.PracticeClient.csproj", "{E0F27698-D547-446E-B5C9-B379FFF6CCC6}"
EndProject
Project("{2150E333-8FDC-42A3-9474-1A3956D46DE8}") = "farewell-workflow", "farewell-workflow", "{48C3FEC5-4824-48F2-8677-525584A256AF}"
EndProject
Project("{2150E333-8FDC-42A3-9474-1A3956D46DE8}") = "solution", "solution", "{342B5E19-5065-416A-9636-A44A349316F5}"
EndProject
Project("{FAE04EC0-301F-11D3-BF4B-00C04F79EFBC}") = "TemporalioFarewell.Web", "exercises\farewell-workflow\solution\Web\TemporalioFarewell.Web.csproj", "{7CF06DB1-C76C-44E3-855F-6C668BBA2BE6}"
EndProject
Project("{FAE04EC0-301F-11D3-BF4B-00C04F79EFBC}") = "TemporalioFarewell.Workflow", "exercises\farewell-workflow\solution\Workflow\TemporalioFarewell.Workflow.csproj", "{181B0358-4526-4AF4-8A90-24355B973203}"
EndProject
Project("{FAE04EC0-301F-11D3-BF4B-00C04F79EFBC}") = "TemporalioFarewell.Worker", "exercises\farewell-workflow\solution\Worker\TemporalioFarewell.Worker.csproj", "{848600B6-082E-44F7-96A6-E75ED96C226E}"
EndProject
Project("{FAE04EC0-301F-11D3-BF4B-00C04F79EFBC}") = "TemporalioFarewell.Client", "exercises\farewell-workflow\solution\Client\TemporalioFarewell.Client.csproj", "{9009B453-4EAC-4722-8F47-B89F32A05C6A}"
EndProject
Project("{2150E333-8FDC-42A3-9474-1A3956D46DE8}") = "practice", "practice", "{5BC076EF-0E22-4360-9C38-9A454DEE929A}"
EndProject
Project("{FAE04EC0-301F-11D3-BF4B-00C04F79EFBC}") = "TemporalioFarewell.PracticeWeb", "exercises\farewell-workflow\practice\Web\TemporalioFarewell.PracticeWeb.csproj", "{EF3CC84B-791A-4AED-BAB6-05334FF43900}"
EndProject
Project("{FAE04EC0-301F-11D3-BF4B-00C04F79EFBC}") = "TemporalioFarewell.PracticeWorkflow", "exercises\farewell-workflow\practice\Workflow\TemporalioFarewell.PracticeWorkflow.csproj", "{9676A1B1-5F69-4A84-9E42-F4B508687EBE}"
EndProject
Project("{FAE04EC0-301F-11D3-BF4B-00C04F79EFBC}") = "TemporalioFarewell.PracticeWorker", "exercises\farewell-workflow\practice\Worker\TemporalioFarewell.PracticeWorker.csproj", "{8BAFEBB8-C950-4E4B-A5C2-75508E027FE4}"
EndProject
Project("{FAE04EC0-301F-11D3-BF4B-00C04F79EFBC}") = "TemporalioFarewell.PracticeClient", "exercises\farewell-workflow\practice\Client\TemporalioFarewell.PracticeClient.csproj", "{FE5B62DC-B371-4CCE-9636-D1E0E354677F}"
EndProject
Project("{2150E333-8FDC-42A3-9474-1A3956D46DE8}") = "finale-workflow", "finale-workflow", "{ABAEF9E9-FE07-464C-8EBE-F1A36C366473}"
EndProject
Project("{FAE04EC0-301F-11D3-BF4B-00C04F79EFBC}") = "Workflow", "exercises\finale-workflow\Workflow\Workflow.csproj", "{E7FFBCA5-6C78-46F5-A964-62D02476C8CA}"
EndProject
Project("{FAE04EC0-301F-11D3-BF4B-00C04F79EFBC}") = "Worker", "exercises\finale-workflow\Worker\Worker.csproj", "{DB457B94-F0D9-401F-A7FC-7CDD50AE5421}"
EndProject
Project("{FAE04EC0-301F-11D3-BF4B-00C04F79EFBC}") = "Client", "exercises\finale-workflow\Client\Client.csproj", "{E87221DB-E700-4622-AA77-4388F9E1364F}"
EndProject
Global
	GlobalSection(SolutionConfigurationPlatforms) = preSolution
		Debug|Any CPU = Debug|Any CPU
		Release|Any CPU = Release|Any CPU
	EndGlobalSection
	GlobalSection(SolutionProperties) = preSolution
		HideSolutionNode = FALSE
	EndGlobalSection
	GlobalSection(ProjectConfigurationPlatforms) = postSolution
		{FA650116-F866-4451-8F99-D101D63580CB}.Debug|Any CPU.ActiveCfg = Debug|Any CPU
		{FA650116-F866-4451-8F99-D101D63580CB}.Debug|Any CPU.Build.0 = Debug|Any CPU
		{FA650116-F866-4451-8F99-D101D63580CB}.Release|Any CPU.ActiveCfg = Release|Any CPU
		{FA650116-F866-4451-8F99-D101D63580CB}.Release|Any CPU.Build.0 = Release|Any CPU
		{CCE6F4A8-0DED-4BB7-8809-43F1516FEA8D}.Debug|Any CPU.ActiveCfg = Debug|Any CPU
		{CCE6F4A8-0DED-4BB7-8809-43F1516FEA8D}.Debug|Any CPU.Build.0 = Debug|Any CPU
		{CCE6F4A8-0DED-4BB7-8809-43F1516FEA8D}.Release|Any CPU.ActiveCfg = Release|Any CPU
		{CCE6F4A8-0DED-4BB7-8809-43F1516FEA8D}.Release|Any CPU.Build.0 = Release|Any CPU
		{1FD03BAE-125C-4466-9841-1CD6953F53F6}.Debug|Any CPU.ActiveCfg = Debug|Any CPU
		{1FD03BAE-125C-4466-9841-1CD6953F53F6}.Debug|Any CPU.Build.0 = Debug|Any CPU
		{1FD03BAE-125C-4466-9841-1CD6953F53F6}.Release|Any CPU.ActiveCfg = Release|Any CPU
		{1FD03BAE-125C-4466-9841-1CD6953F53F6}.Release|Any CPU.Build.0 = Release|Any CPU
		{CFB06045-ACC8-4A80-B1D4-CBFA5075B621}.Debug|Any CPU.ActiveCfg = Debug|Any CPU
		{CFB06045-ACC8-4A80-B1D4-CBFA5075B621}.Debug|Any CPU.Build.0 = Debug|Any CPU
		{CFB06045-ACC8-4A80-B1D4-CBFA5075B621}.Release|Any CPU.ActiveCfg = Release|Any CPU
		{CFB06045-ACC8-4A80-B1D4-CBFA5075B621}.Release|Any CPU.Build.0 = Release|Any CPU
		{F0B48903-7FEC-4B5A-B7E1-3BDE858563D4}.Debug|Any CPU.ActiveCfg = Debug|Any CPU
		{F0B48903-7FEC-4B5A-B7E1-3BDE858563D4}.Debug|Any CPU.Build.0 = Debug|Any CPU
		{F0B48903-7FEC-4B5A-B7E1-3BDE858563D4}.Release|Any CPU.ActiveCfg = Release|Any CPU
		{F0B48903-7FEC-4B5A-B7E1-3BDE858563D4}.Release|Any CPU.Build.0 = Release|Any CPU
		{614F9F4C-3397-42EA-88AF-CBB9EDEE6418}.Debug|Any CPU.ActiveCfg = Debug|Any CPU
		{614F9F4C-3397-42EA-88AF-CBB9EDEE6418}.Debug|Any CPU.Build.0 = Debug|Any CPU
		{614F9F4C-3397-42EA-88AF-CBB9EDEE6418}.Release|Any CPU.ActiveCfg = Release|Any CPU
		{614F9F4C-3397-42EA-88AF-CBB9EDEE6418}.Release|Any CPU.Build.0 = Release|Any CPU
		{008C11E1-6F85-46D7-BFC8-59562AA29671}.Debug|Any CPU.ActiveCfg = Debug|Any CPU
		{008C11E1-6F85-46D7-BFC8-59562AA29671}.Debug|Any CPU.Build.0 = Debug|Any CPU
		{008C11E1-6F85-46D7-BFC8-59562AA29671}.Release|Any CPU.ActiveCfg = Release|Any CPU
		{008C11E1-6F85-46D7-BFC8-59562AA29671}.Release|Any CPU.Build.0 = Release|Any CPU
		{F07D645A-729A-4A89-9747-DB44C16DEC63}.Debug|Any CPU.ActiveCfg = Debug|Any CPU
		{F07D645A-729A-4A89-9747-DB44C16DEC63}.Debug|Any CPU.Build.0 = Debug|Any CPU
		{F07D645A-729A-4A89-9747-DB44C16DEC63}.Release|Any CPU.ActiveCfg = Release|Any CPU
		{F07D645A-729A-4A89-9747-DB44C16DEC63}.Release|Any CPU.Build.0 = Release|Any CPU
		{E0F27698-D547-446E-B5C9-B379FFF6CCC6}.Debug|Any CPU.ActiveCfg = Debug|Any CPU
		{E0F27698-D547-446E-B5C9-B379FFF6CCC6}.Debug|Any CPU.Build.0 = Debug|Any CPU
		{E0F27698-D547-446E-B5C9-B379FFF6CCC6}.Release|Any CPU.ActiveCfg = Release|Any CPU
		{E0F27698-D547-446E-B5C9-B379FFF6CCC6}.Release|Any CPU.Build.0 = Release|Any CPU
		{7CF06DB1-C76C-44E3-855F-6C668BBA2BE6}.Debug|Any CPU.ActiveCfg = Debug|Any CPU
		{7CF06DB1-C76C-44E3-855F-6C668BBA2BE6}.Debug|Any CPU.Build.0 = Debug|Any CPU
		{7CF06DB1-C76C-44E3-855F-6C668BBA2BE6}.Release|Any CPU.ActiveCfg = Release|Any CPU
		{7CF06DB1-C76C-44E3-855F-6C668BBA2BE6}.Release|Any CPU.Build.0 = Release|Any CPU
		{181B0358-4526-4AF4-8A90-24355B973203}.Debug|Any CPU.ActiveCfg = Debug|Any CPU
		{181B0358-4526-4AF4-8A90-24355B973203}.Debug|Any CPU.Build.0 = Debug|Any CPU
		{181B0358-4526-4AF4-8A90-24355B973203}.Release|Any CPU.ActiveCfg = Release|Any CPU
		{181B0358-4526-4AF4-8A90-24355B973203}.Release|Any CPU.Build.0 = Release|Any CPU
		{848600B6-082E-44F7-96A6-E75ED96C226E}.Debug|Any CPU.ActiveCfg = Debug|Any CPU
		{848600B6-082E-44F7-96A6-E75ED96C226E}.Debug|Any CPU.Build.0 = Debug|Any CPU
		{848600B6-082E-44F7-96A6-E75ED96C226E}.Release|Any CPU.ActiveCfg = Release|Any CPU
		{848600B6-082E-44F7-96A6-E75ED96C226E}.Release|Any CPU.Build.0 = Release|Any CPU
		{9009B453-4EAC-4722-8F47-B89F32A05C6A}.Debug|Any CPU.ActiveCfg = Debug|Any CPU
		{9009B453-4EAC-4722-8F47-B89F32A05C6A}.Debug|Any CPU.Build.0 = Debug|Any CPU
		{9009B453-4EAC-4722-8F47-B89F32A05C6A}.Release|Any CPU.ActiveCfg = Release|Any CPU
		{9009B453-4EAC-4722-8F47-B89F32A05C6A}.Release|Any CPU.Build.0 = Release|Any CPU
		{EF3CC84B-791A-4AED-BAB6-05334FF43900}.Debug|Any CPU.ActiveCfg = Debug|Any CPU
		{EF3CC84B-791A-4AED-BAB6-05334FF43900}.Debug|Any CPU.Build.0 = Debug|Any CPU
		{EF3CC84B-791A-4AED-BAB6-05334FF43900}.Release|Any CPU.ActiveCfg = Release|Any CPU
		{EF3CC84B-791A-4AED-BAB6-05334FF43900}.Release|Any CPU.Build.0 = Release|Any CPU
		{9676A1B1-5F69-4A84-9E42-F4B508687EBE}.Debug|Any CPU.ActiveCfg = Debug|Any CPU
		{9676A1B1-5F69-4A84-9E42-F4B508687EBE}.Debug|Any CPU.Build.0 = Debug|Any CPU
		{9676A1B1-5F69-4A84-9E42-F4B508687EBE}.Release|Any CPU.ActiveCfg = Release|Any CPU
		{9676A1B1-5F69-4A84-9E42-F4B508687EBE}.Release|Any CPU.Build.0 = Release|Any CPU
		{8BAFEBB8-C950-4E4B-A5C2-75508E027FE4}.Debug|Any CPU.ActiveCfg = Debug|Any CPU
		{8BAFEBB8-C950-4E4B-A5C2-75508E027FE4}.Debug|Any CPU.Build.0 = Debug|Any CPU
		{8BAFEBB8-C950-4E4B-A5C2-75508E027FE4}.Release|Any CPU.ActiveCfg = Release|Any CPU
		{8BAFEBB8-C950-4E4B-A5C2-75508E027FE4}.Release|Any CPU.Build.0 = Release|Any CPU
		{FE5B62DC-B371-4CCE-9636-D1E0E354677F}.Debug|Any CPU.ActiveCfg = Debug|Any CPU
		{FE5B62DC-B371-4CCE-9636-D1E0E354677F}.Debug|Any CPU.Build.0 = Debug|Any CPU
		{FE5B62DC-B371-4CCE-9636-D1E0E354677F}.Release|Any CPU.ActiveCfg = Release|Any CPU
		{FE5B62DC-B371-4CCE-9636-D1E0E354677F}.Release|Any CPU.Build.0 = Release|Any CPU
		{E7FFBCA5-6C78-46F5-A964-62D02476C8CA}.Debug|Any CPU.ActiveCfg = Debug|Any CPU
		{E7FFBCA5-6C78-46F5-A964-62D02476C8CA}.Debug|Any CPU.Build.0 = Debug|Any CPU
		{E7FFBCA5-6C78-46F5-A964-62D02476C8CA}.Release|Any CPU.ActiveCfg = Release|Any CPU
		{E7FFBCA5-6C78-46F5-A964-62D02476C8CA}.Release|Any CPU.Build.0 = Release|Any CPU
		{DB457B94-F0D9-401F-A7FC-7CDD50AE5421}.Debug|Any CPU.ActiveCfg = Debug|Any CPU
		{DB457B94-F0D9-401F-A7FC-7CDD50AE5421}.Debug|Any CPU.Build.0 = Debug|Any CPU
		{DB457B94-F0D9-401F-A7FC-7CDD50AE5421}.Release|Any CPU.ActiveCfg = Release|Any CPU
		{DB457B94-F0D9-401F-A7FC-7CDD50AE5421}.Release|Any CPU.Build.0 = Release|Any CPU
		{E87221DB-E700-4622-AA77-4388F9E1364F}.Debug|Any CPU.ActiveCfg = Debug|Any CPU
		{E87221DB-E700-4622-AA77-4388F9E1364F}.Debug|Any CPU.Build.0 = Debug|Any CPU
		{E87221DB-E700-4622-AA77-4388F9E1364F}.Release|Any CPU.ActiveCfg = Release|Any CPU
		{E87221DB-E700-4622-AA77-4388F9E1364F}.Release|Any CPU.Build.0 = Release|Any CPU
	EndGlobalSection
	GlobalSection(NestedProjects) = preSolution
		{9597D080-0156-4D9D-AA43-A93312897B2F} = {3AEB0D2D-0109-401D-A1A2-98417C6D57BF}
		{FA650116-F866-4451-8F99-D101D63580CB} = {9597D080-0156-4D9D-AA43-A93312897B2F}
		{CCE6F4A8-0DED-4BB7-8809-43F1516FEA8D} = {9597D080-0156-4D9D-AA43-A93312897B2F}
		{1FD03BAE-125C-4466-9841-1CD6953F53F6} = {9597D080-0156-4D9D-AA43-A93312897B2F}
		{6C063B21-3C23-4ED8-9B65-1D4755D83EFC} = {5A4B241D-8E79-4C15-8BD0-92D2C1849533}
		{7A150D23-5696-4B9D-96C5-CD0BDC05BC88} = {6C063B21-3C23-4ED8-9B65-1D4755D83EFC}
		{CFB06045-ACC8-4A80-B1D4-CBFA5075B621} = {7A150D23-5696-4B9D-96C5-CD0BDC05BC88}
		{F0B48903-7FEC-4B5A-B7E1-3BDE858563D4} = {7A150D23-5696-4B9D-96C5-CD0BDC05BC88}
		{614F9F4C-3397-42EA-88AF-CBB9EDEE6418} = {7A150D23-5696-4B9D-96C5-CD0BDC05BC88}
		{31AF98F5-7960-4E27-8CDB-A84032140BA5} = {6C063B21-3C23-4ED8-9B65-1D4755D83EFC}
		{008C11E1-6F85-46D7-BFC8-59562AA29671} = {31AF98F5-7960-4E27-8CDB-A84032140BA5}
		{F07D645A-729A-4A89-9747-DB44C16DEC63} = {31AF98F5-7960-4E27-8CDB-A84032140BA5}
		{E0F27698-D547-446E-B5C9-B379FFF6CCC6} = {31AF98F5-7960-4E27-8CDB-A84032140BA5}
		{48C3FEC5-4824-48F2-8677-525584A256AF} = {5A4B241D-8E79-4C15-8BD0-92D2C1849533}
		{342B5E19-5065-416A-9636-A44A349316F5} = {48C3FEC5-4824-48F2-8677-525584A256AF}
		{7CF06DB1-C76C-44E3-855F-6C668BBA2BE6} = {342B5E19-5065-416A-9636-A44A349316F5}
		{181B0358-4526-4AF4-8A90-24355B973203} = {342B5E19-5065-416A-9636-A44A349316F5}
		{848600B6-082E-44F7-96A6-E75ED96C226E} = {342B5E19-5065-416A-9636-A44A349316F5}
		{9009B453-4EAC-4722-8F47-B89F32A05C6A} = {342B5E19-5065-416A-9636-A44A349316F5}
		{5BC076EF-0E22-4360-9C38-9A454DEE929A} = {48C3FEC5-4824-48F2-8677-525584A256AF}
		{EF3CC84B-791A-4AED-BAB6-05334FF43900} = {5BC076EF-0E22-4360-9C38-9A454DEE929A}
		{9676A1B1-5F69-4A84-9E42-F4B508687EBE} = {5BC076EF-0E22-4360-9C38-9A454DEE929A}
		{8BAFEBB8-C950-4E4B-A5C2-75508E027FE4} = {5BC076EF-0E22-4360-9C38-9A454DEE929A}
		{FE5B62DC-B371-4CCE-9636-D1E0E354677F} = {5BC076EF-0E22-4360-9C38-9A454DEE929A}
		{ABAEF9E9-FE07-464C-8EBE-F1A36C366473} = {5A4B241D-8E79-4C15-8BD0-92D2C1849533}
		{E7FFBCA5-6C78-46F5-A964-62D02476C8CA} = {ABAEF9E9-FE07-464C-8EBE-F1A36C366473}
		{DB457B94-F0D9-401F-A7FC-7CDD50AE5421} = {ABAEF9E9-FE07-464C-8EBE-F1A36C366473}
		{E87221DB-E700-4622-AA77-4388F9E1364F} = {ABAEF9E9-FE07-464C-8EBE-F1A36C366473}
	EndGlobalSection
EndGlobal
