
Microsoft Visual Studio Solution File, Format Version 12.00
# Visual Studio Version 17
VisualStudioVersion = 17.5.002.0
MinimumVisualStudioVersion = 10.0.40219.1
Project("{2150E333-8FDC-42A3-9474-1A3956D46DE8}") = "solution", "solution", "{6CF72B54-AB37-472A-B52B-072556EC9EB3}"
EndProject
Project("{9A19103F-16F7-4668-BE54-9A1E7A4F7556}") = "Workflow", "solution\Workflow\Workflow.csproj", "{BCA27868-AC98-4F58-8D87-FA0162B9C344}"
EndProject
Project("{9A19103F-16F7-4668-BE54-9A1E7A4F7556}") = "Worker", "solution\Worker\Worker.csproj", "{44149449-6891-4B5F-A949-FEC59CD6D58D}"
EndProject
Project("{9A19103F-16F7-4668-BE54-9A1E7A4F7556}") = "Client", "solution\Client\Client.csproj", "{ECB55EF8-B6F9-4273-92AF-29ECD39F752D}"
EndProject
Project("{2150E333-8FDC-42A3-9474-1A3956D46DE8}") = "practice", "practice", "{25CF4FDB-B684-4317-A9B6-15036CF530A7}"
EndProject
Project("{9A19103F-16F7-4668-BE54-9A1E7A4F7556}") = "Workflow", "practice\Workflow\Workflow.csproj", "{990BC40E-A230-47BC-94A1-18D687B80010}"
EndProject
Project("{9A19103F-16F7-4668-BE54-9A1E7A4F7556}") = "Worker", "practice\Worker\Worker.csproj", "{7BA453F1-9CC3-4D73-AFC9-5E5E202D94E3}"
EndProject
Project("{9A19103F-16F7-4668-BE54-9A1E7A4F7556}") = "Client", "practice\Client\Client.csproj", "{C0108B41-9391-4444-9CE5-BFCE3A959E6F}"
EndProject
Global
	GlobalSection(SolutionConfigurationPlatforms) = preSolution
		Debug|Any CPU = Debug|Any CPU
		Release|Any CPU = Release|Any CPU
	EndGlobalSection
	GlobalSection(ProjectConfigurationPlatforms) = postSolution
		{BCA27868-AC98-4F58-8D87-FA0162B9C344}.Debug|Any CPU.ActiveCfg = Debug|Any CPU
		{BCA27868-AC98-4F58-8D87-FA0162B9C344}.Debug|Any CPU.Build.0 = Debug|Any CPU
		{BCA27868-AC98-4F58-8D87-FA0162B9C344}.Release|Any CPU.ActiveCfg = Release|Any CPU
		{BCA27868-AC98-4F58-8D87-FA0162B9C344}.Release|Any CPU.Build.0 = Release|Any CPU
		{44149449-6891-4B5F-A949-FEC59CD6D58D}.Debug|Any CPU.ActiveCfg = Debug|Any CPU
		{44149449-6891-4B5F-A949-FEC59CD6D58D}.Debug|Any CPU.Build.0 = Debug|Any CPU
		{44149449-6891-4B5F-A949-FEC59CD6D58D}.Release|Any CPU.ActiveCfg = Release|Any CPU
		{44149449-6891-4B5F-A949-FEC59CD6D58D}.Release|Any CPU.Build.0 = Release|Any CPU
		{ECB55EF8-B6F9-4273-92AF-29ECD39F752D}.Debug|Any CPU.ActiveCfg = Debug|Any CPU
		{ECB55EF8-B6F9-4273-92AF-29ECD39F752D}.Debug|Any CPU.Build.0 = Debug|Any CPU
		{ECB55EF8-B6F9-4273-92AF-29ECD39F752D}.Release|Any CPU.ActiveCfg = Release|Any CPU
		{ECB55EF8-B6F9-4273-92AF-29ECD39F752D}.Release|Any CPU.Build.0 = Release|Any CPU
		{990BC40E-A230-47BC-94A1-18D687B80010}.Debug|Any CPU.ActiveCfg = Debug|Any CPU
		{990BC40E-A230-47BC-94A1-18D687B80010}.Debug|Any CPU.Build.0 = Debug|Any CPU
		{990BC40E-A230-47BC-94A1-18D687B80010}.Release|Any CPU.ActiveCfg = Release|Any CPU
		{990BC40E-A230-47BC-94A1-18D687B80010}.Release|Any CPU.Build.0 = Release|Any CPU
		{7BA453F1-9CC3-4D73-AFC9-5E5E202D94E3}.Debug|Any CPU.ActiveCfg = Debug|Any CPU
		{7BA453F1-9CC3-4D73-AFC9-5E5E202D94E3}.Debug|Any CPU.Build.0 = Debug|Any CPU
		{7BA453F1-9CC3-4D73-AFC9-5E5E202D94E3}.Release|Any CPU.ActiveCfg = Release|Any CPU
		{7BA453F1-9CC3-4D73-AFC9-5E5E202D94E3}.Release|Any CPU.Build.0 = Release|Any CPU
		{C0108B41-9391-4444-9CE5-BFCE3A959E6F}.Debug|Any CPU.ActiveCfg = Debug|Any CPU
		{C0108B41-9391-4444-9CE5-BFCE3A959E6F}.Debug|Any CPU.Build.0 = Debug|Any CPU
		{C0108B41-9391-4444-9CE5-BFCE3A959E6F}.Release|Any CPU.ActiveCfg = Release|Any CPU
		{C0108B41-9391-4444-9CE5-BFCE3A959E6F}.Release|Any CPU.Build.0 = Release|Any CPU
	EndGlobalSection
	GlobalSection(SolutionProperties) = preSolution
		HideSolutionNode = FALSE
	EndGlobalSection
	GlobalSection(NestedProjects) = preSolution
		{BCA27868-AC98-4F58-8D87-FA0162B9C344} = {6CF72B54-AB37-472A-B52B-072556EC9EB3}
		{44149449-6891-4B5F-A949-FEC59CD6D58D} = {6CF72B54-AB37-472A-B52B-072556EC9EB3}
		{ECB55EF8-B6F9-4273-92AF-29ECD39F752D} = {6CF72B54-AB37-472A-B52B-072556EC9EB3}
		{990BC40E-A230-47BC-94A1-18D687B80010} = {25CF4FDB-B684-4317-A9B6-15036CF530A7}
		{7BA453F1-9CC3-4D73-AFC9-5E5E202D94E3} = {25CF4FDB-B684-4317-A9B6-15036CF530A7}
		{C0108B41-9391-4444-9CE5-BFCE3A959E6F} = {25CF4FDB-B684-4317-A9B6-15036CF530A7}
	EndGlobalSection
	GlobalSection(ExtensibilityGlobals) = postSolution
		SolutionGuid = {EBCDCD68-25CF-4087-AC3C-CA05FE0E30BF}
	EndGlobalSection
EndGlobal
